
Microsoft Visual Studio Solution File, Format Version 12.00
# Visual Studio Version 17
VisualStudioVersion = 17.11.35303.130
MinimumVisualStudioVersion = 10.0.40219.1
Project("{2150E333-8FDC-42A3-9474-1A3956D46DE8}") = "Task0", "Task0", "{3A06205B-DF51-448C-BF9B-5AC3CA9A4366}"
EndProject
Project("{9A19103F-16F7-4668-BE54-9A1E7A4F7556}") = "Tyuiu.AidemirAF.Sprint5.Task0.V8", "Tyuiu.AidemirAF.Sprint5.Task0.V8\Tyuiu.AidemirAF.Sprint5.Task0.V8.csproj", "{3E7028F3-EF02-4A02-86A6-D1ED0F686969}"
EndProject
Project("{9A19103F-16F7-4668-BE54-9A1E7A4F7556}") = "Tyuiu.AidemirAF.Sprint5.Task0.V8.Lib", "Tyuiu.AidemirAF.Sprint5.Task0.V8.Lib\Tyuiu.AidemirAF.Sprint5.Task0.V8.Lib.csproj", "{75203604-3285-400C-B86B-89129E812A17}"
EndProject
Project("{9A19103F-16F7-4668-BE54-9A1E7A4F7556}") = "Tyuiu.AidemirAF.Sprint5.Task0.V8.Test", "Tyuiu.AidemirAF.Sprint5.Task0.V8.Test\Tyuiu.AidemirAF.Sprint5.Task0.V8.Test.csproj", "{F1101963-17FF-4A8C-BCDE-2DD4AF74390B}"
EndProject
Project("{2150E333-8FDC-42A3-9474-1A3956D46DE8}") = "Task1", "Task1", "{BA9966E6-A202-41E6-9F1C-20D1A1864FF4}"
EndProject
Project("{9A19103F-16F7-4668-BE54-9A1E7A4F7556}") = "Tyuiu.AidemirAF.Sprint5.Task1.V12", "Tyuiu.AidemirAF.Sprint5.Task1.V12\Tyuiu.AidemirAF.Sprint5.Task1.V12.csproj", "{4E1CCB85-E4FE-4F15-93C3-D403667E4FB4}"
EndProject
Project("{9A19103F-16F7-4668-BE54-9A1E7A4F7556}") = "Tyuiu.AidemirAF.Sprint5.Task1.V12.Lib", "Tyuiu.AidemirAF.Sprint5.Task1.V12.Lib\Tyuiu.AidemirAF.Sprint5.Task1.V12.Lib.csproj", "{263B347C-8846-4A91-9F68-EA65FAB811E9}"
EndProject
Project("{9A19103F-16F7-4668-BE54-9A1E7A4F7556}") = "Tyuiu.AidemirAF.Sprint5.Task1.V12.Test", "Tyuiu.AidemirAF.Sprint5.Task1.V12.Test\Tyuiu.AidemirAF.Sprint5.Task1.V12.Test.csproj", "{DEDCBB4A-4CD4-47CB-877E-86AF0C85F433}"
EndProject
Project("{2150E333-8FDC-42A3-9474-1A3956D46DE8}") = "Task2", "Task2", "{DC5A8832-E3EA-49BE-AECB-B894A894D347}"
EndProject
Project("{9A19103F-16F7-4668-BE54-9A1E7A4F7556}") = "Tyuiu.AidemirAF.Sprint5.Task2.V21", "Tyuiu.AidemirAF.Sprint5.Task2.V21\Tyuiu.AidemirAF.Sprint5.Task2.V21.csproj", "{30CF6DC1-4415-4378-8CE1-6FA1C8BFAD62}"
EndProject
Project("{9A19103F-16F7-4668-BE54-9A1E7A4F7556}") = "Tyuiu.AidemirAF.Sprint5.Task2.V21.Lib", "Tyuiu.AidemirAF.Sprint5.Task2.V21.Lib\Tyuiu.AidemirAF.Sprint5.Task2.V21.Lib.csproj", "{6C8B0622-31D2-4A1D-B678-5B5A22B733DB}"
EndProject
Project("{9A19103F-16F7-4668-BE54-9A1E7A4F7556}") = "Tyuiu.AidemirAF.Sprint5.Task2.V21.Test", "Tyuiu.AidemirAF.Sprint5.Task2.V21.Test\Tyuiu.AidemirAF.Sprint5.Task2.V21.Test.csproj", "{103C5727-8D88-4199-AB1A-51BF9A78ADB6}"
EndProject
Project("{2150E333-8FDC-42A3-9474-1A3956D46DE8}") = "Task3", "Task3", "{E0E4291B-3D83-4408-BE0B-28049108486C}"
EndProject
Project("{FAE04EC0-301F-11D3-BF4B-00C04F79EFBC}") = "Tyuiu.AidemirAF.Sprint5.Task3.V24", "Tyuiu.AidemirAF.Sprint5.Task3.V24\Tyuiu.AidemirAF.Sprint5.Task3.V24.csproj", "{3FB721F9-2C56-4024-8E67-6FF457E64C01}"
EndProject
Project("{FAE04EC0-301F-11D3-BF4B-00C04F79EFBC}") = "Tyuiu.AidemirAF.Sprint5.Task3.V24.Lib", "Tyuiu.AidemirAF.Sprint5.Task3.V24.Lib\Tyuiu.AidemirAF.Sprint5.Task3.V24.Lib.csproj", "{FC682412-7521-44FA-8407-C4AEB0477B2C}"
EndProject
Project("{FAE04EC0-301F-11D3-BF4B-00C04F79EFBC}") = "Tyuiu.AidemirAF.Sprint5.Task3.V24.Test", "Tyuiu.AidemirAF.Sprint5.Task3.V24.Test\Tyuiu.AidemirAF.Sprint5.Task3.V24.Test.csproj", "{2F7CEAE7-1F44-490A-B250-997B6F28CD0D}"
EndProject
Project("{2150E333-8FDC-42A3-9474-1A3956D46DE8}") = "Task4", "Task4", "{08F1CB76-E826-4C8E-97ED-4C8BA95BC761}"
EndProject
Project("{FAE04EC0-301F-11D3-BF4B-00C04F79EFBC}") = "Tyuiu.AidemirAF.Sprint5.Task4.V1", "Tyuiu.AidemirAF.Sprint5.Task4.V1\Tyuiu.AidemirAF.Sprint5.Task4.V1.csproj", "{28FC0686-BB2F-41B0-ADFE-9FAFFE276802}"
EndProject
Project("{FAE04EC0-301F-11D3-BF4B-00C04F79EFBC}") = "Tyuiu.AidemirAF.Sprint5.Task4.V1.Lib", "Tyuiu.AidemirAF.Sprint5.Task4.V1.Lib\Tyuiu.AidemirAF.Sprint5.Task4.V1.Lib.csproj", "{CC231B95-2D8F-4786-9F86-6B63E51F5962}"
EndProject
Project("{FAE04EC0-301F-11D3-BF4B-00C04F79EFBC}") = "Tyuiu.AidemirAF.Sprint5.Task4.V1.Test", "Tyuiu.AidemirAF.Sprint5.Task4.V1.Test\Tyuiu.AidemirAF.Sprint5.Task4.V1.Test.csproj", "{E4DB6AF6-0D8B-42B0-96A5-2954D2E9664C}"
EndProject
Project("{2150E333-8FDC-42A3-9474-1A3956D46DE8}") = "Task5", "Task5", "{48201E8F-7B85-4582-92A6-82D9BC98E465}"
EndProject
Project("{FAE04EC0-301F-11D3-BF4B-00C04F79EFBC}") = "Tyuiu.AidemirAF.Sprint5.Task5.V10", "Tyuiu.AidemirAF.Sprint5.Task5.V10\Tyuiu.AidemirAF.Sprint5.Task5.V10.csproj", "{A5FAFE75-27CE-4E57-94FC-BBAE13807D65}"
EndProject
Project("{FAE04EC0-301F-11D3-BF4B-00C04F79EFBC}") = "Tyuiu.AidemirAF.Sprint5.Task5.V10.Lib", "Tyuiu.AidemirAF.Sprint5.Task5.V10.Lib\Tyuiu.AidemirAF.Sprint5.Task5.V10.Lib.csproj", "{A9C6B0B0-3849-40B2-AFA4-E36941E82D68}"
EndProject
Project("{FAE04EC0-301F-11D3-BF4B-00C04F79EFBC}") = "Tyuiu.AidemirAF.Sprint5.Task5.V10.Test", "Tyuiu.AidemirAF.Sprint5.Task5.V10.Test\Tyuiu.AidemirAF.Sprint5.Task5.V10.Test.csproj", "{5FDAF79A-8941-42A1-9905-B6C347E33867}"
EndProject
Global
	GlobalSection(SolutionConfigurationPlatforms) = preSolution
		Debug|Any CPU = Debug|Any CPU
		Release|Any CPU = Release|Any CPU
	EndGlobalSection
	GlobalSection(ProjectConfigurationPlatforms) = postSolution
		{3E7028F3-EF02-4A02-86A6-D1ED0F686969}.Debug|Any CPU.ActiveCfg = Debug|Any CPU
		{3E7028F3-EF02-4A02-86A6-D1ED0F686969}.Debug|Any CPU.Build.0 = Debug|Any CPU
		{3E7028F3-EF02-4A02-86A6-D1ED0F686969}.Release|Any CPU.ActiveCfg = Release|Any CPU
		{3E7028F3-EF02-4A02-86A6-D1ED0F686969}.Release|Any CPU.Build.0 = Release|Any CPU
		{75203604-3285-400C-B86B-89129E812A17}.Debug|Any CPU.ActiveCfg = Debug|Any CPU
		{75203604-3285-400C-B86B-89129E812A17}.Debug|Any CPU.Build.0 = Debug|Any CPU
		{75203604-3285-400C-B86B-89129E812A17}.Release|Any CPU.ActiveCfg = Release|Any CPU
		{75203604-3285-400C-B86B-89129E812A17}.Release|Any CPU.Build.0 = Release|Any CPU
		{F1101963-17FF-4A8C-BCDE-2DD4AF74390B}.Debug|Any CPU.ActiveCfg = Debug|Any CPU
		{F1101963-17FF-4A8C-BCDE-2DD4AF74390B}.Debug|Any CPU.Build.0 = Debug|Any CPU
		{F1101963-17FF-4A8C-BCDE-2DD4AF74390B}.Release|Any CPU.ActiveCfg = Release|Any CPU
		{F1101963-17FF-4A8C-BCDE-2DD4AF74390B}.Release|Any CPU.Build.0 = Release|Any CPU
		{4E1CCB85-E4FE-4F15-93C3-D403667E4FB4}.Debug|Any CPU.ActiveCfg = Debug|Any CPU
		{4E1CCB85-E4FE-4F15-93C3-D403667E4FB4}.Debug|Any CPU.Build.0 = Debug|Any CPU
		{4E1CCB85-E4FE-4F15-93C3-D403667E4FB4}.Release|Any CPU.ActiveCfg = Release|Any CPU
		{4E1CCB85-E4FE-4F15-93C3-D403667E4FB4}.Release|Any CPU.Build.0 = Release|Any CPU
		{263B347C-8846-4A91-9F68-EA65FAB811E9}.Debug|Any CPU.ActiveCfg = Debug|Any CPU
		{263B347C-8846-4A91-9F68-EA65FAB811E9}.Debug|Any CPU.Build.0 = Debug|Any CPU
		{263B347C-8846-4A91-9F68-EA65FAB811E9}.Release|Any CPU.ActiveCfg = Release|Any CPU
		{263B347C-8846-4A91-9F68-EA65FAB811E9}.Release|Any CPU.Build.0 = Release|Any CPU
		{DEDCBB4A-4CD4-47CB-877E-86AF0C85F433}.Debug|Any CPU.ActiveCfg = Debug|Any CPU
		{DEDCBB4A-4CD4-47CB-877E-86AF0C85F433}.Debug|Any CPU.Build.0 = Debug|Any CPU
		{DEDCBB4A-4CD4-47CB-877E-86AF0C85F433}.Release|Any CPU.ActiveCfg = Release|Any CPU
		{DEDCBB4A-4CD4-47CB-877E-86AF0C85F433}.Release|Any CPU.Build.0 = Release|Any CPU
		{30CF6DC1-4415-4378-8CE1-6FA1C8BFAD62}.Debug|Any CPU.ActiveCfg = Debug|Any CPU
		{30CF6DC1-4415-4378-8CE1-6FA1C8BFAD62}.Debug|Any CPU.Build.0 = Debug|Any CPU
		{30CF6DC1-4415-4378-8CE1-6FA1C8BFAD62}.Release|Any CPU.ActiveCfg = Release|Any CPU
		{30CF6DC1-4415-4378-8CE1-6FA1C8BFAD62}.Release|Any CPU.Build.0 = Release|Any CPU
		{6C8B0622-31D2-4A1D-B678-5B5A22B733DB}.Debug|Any CPU.ActiveCfg = Debug|Any CPU
		{6C8B0622-31D2-4A1D-B678-5B5A22B733DB}.Debug|Any CPU.Build.0 = Debug|Any CPU
		{6C8B0622-31D2-4A1D-B678-5B5A22B733DB}.Release|Any CPU.ActiveCfg = Release|Any CPU
		{6C8B0622-31D2-4A1D-B678-5B5A22B733DB}.Release|Any CPU.Build.0 = Release|Any CPU
		{103C5727-8D88-4199-AB1A-51BF9A78ADB6}.Debug|Any CPU.ActiveCfg = Debug|Any CPU
		{103C5727-8D88-4199-AB1A-51BF9A78ADB6}.Debug|Any CPU.Build.0 = Debug|Any CPU
		{103C5727-8D88-4199-AB1A-51BF9A78ADB6}.Release|Any CPU.ActiveCfg = Release|Any CPU
		{103C5727-8D88-4199-AB1A-51BF9A78ADB6}.Release|Any CPU.Build.0 = Release|Any CPU
		{3FB721F9-2C56-4024-8E67-6FF457E64C01}.Debug|Any CPU.ActiveCfg = Debug|Any CPU
		{3FB721F9-2C56-4024-8E67-6FF457E64C01}.Debug|Any CPU.Build.0 = Debug|Any CPU
		{3FB721F9-2C56-4024-8E67-6FF457E64C01}.Release|Any CPU.ActiveCfg = Release|Any CPU
		{3FB721F9-2C56-4024-8E67-6FF457E64C01}.Release|Any CPU.Build.0 = Release|Any CPU
		{FC682412-7521-44FA-8407-C4AEB0477B2C}.Debug|Any CPU.ActiveCfg = Debug|Any CPU
		{FC682412-7521-44FA-8407-C4AEB0477B2C}.Debug|Any CPU.Build.0 = Debug|Any CPU
		{FC682412-7521-44FA-8407-C4AEB0477B2C}.Release|Any CPU.ActiveCfg = Release|Any CPU
		{FC682412-7521-44FA-8407-C4AEB0477B2C}.Release|Any CPU.Build.0 = Release|Any CPU
		{2F7CEAE7-1F44-490A-B250-997B6F28CD0D}.Debug|Any CPU.ActiveCfg = Debug|Any CPU
		{2F7CEAE7-1F44-490A-B250-997B6F28CD0D}.Debug|Any CPU.Build.0 = Debug|Any CPU
		{2F7CEAE7-1F44-490A-B250-997B6F28CD0D}.Release|Any CPU.ActiveCfg = Release|Any CPU
		{2F7CEAE7-1F44-490A-B250-997B6F28CD0D}.Release|Any CPU.Build.0 = Release|Any CPU
		{28FC0686-BB2F-41B0-ADFE-9FAFFE276802}.Debug|Any CPU.ActiveCfg = Debug|Any CPU
		{28FC0686-BB2F-41B0-ADFE-9FAFFE276802}.Debug|Any CPU.Build.0 = Debug|Any CPU
		{28FC0686-BB2F-41B0-ADFE-9FAFFE276802}.Release|Any CPU.ActiveCfg = Release|Any CPU
		{28FC0686-BB2F-41B0-ADFE-9FAFFE276802}.Release|Any CPU.Build.0 = Release|Any CPU
		{CC231B95-2D8F-4786-9F86-6B63E51F5962}.Debug|Any CPU.ActiveCfg = Debug|Any CPU
		{CC231B95-2D8F-4786-9F86-6B63E51F5962}.Debug|Any CPU.Build.0 = Debug|Any CPU
		{CC231B95-2D8F-4786-9F86-6B63E51F5962}.Release|Any CPU.ActiveCfg = Release|Any CPU
		{CC231B95-2D8F-4786-9F86-6B63E51F5962}.Release|Any CPU.Build.0 = Release|Any CPU
		{E4DB6AF6-0D8B-42B0-96A5-2954D2E9664C}.Debug|Any CPU.ActiveCfg = Debug|Any CPU
		{E4DB6AF6-0D8B-42B0-96A5-2954D2E9664C}.Debug|Any CPU.Build.0 = Debug|Any CPU
		{E4DB6AF6-0D8B-42B0-96A5-2954D2E9664C}.Release|Any CPU.ActiveCfg = Release|Any CPU
		{E4DB6AF6-0D8B-42B0-96A5-2954D2E9664C}.Release|Any CPU.Build.0 = Release|Any CPU
		{A5FAFE75-27CE-4E57-94FC-BBAE13807D65}.Debug|Any CPU.ActiveCfg = Debug|Any CPU
		{A5FAFE75-27CE-4E57-94FC-BBAE13807D65}.Debug|Any CPU.Build.0 = Debug|Any CPU
		{A5FAFE75-27CE-4E57-94FC-BBAE13807D65}.Release|Any CPU.ActiveCfg = Release|Any CPU
		{A5FAFE75-27CE-4E57-94FC-BBAE13807D65}.Release|Any CPU.Build.0 = Release|Any CPU
		{A9C6B0B0-3849-40B2-AFA4-E36941E82D68}.Debug|Any CPU.ActiveCfg = Debug|Any CPU
		{A9C6B0B0-3849-40B2-AFA4-E36941E82D68}.Debug|Any CPU.Build.0 = Debug|Any CPU
		{A9C6B0B0-3849-40B2-AFA4-E36941E82D68}.Release|Any CPU.ActiveCfg = Release|Any CPU
		{A9C6B0B0-3849-40B2-AFA4-E36941E82D68}.Release|Any CPU.Build.0 = Release|Any CPU
		{5FDAF79A-8941-42A1-9905-B6C347E33867}.Debug|Any CPU.ActiveCfg = Debug|Any CPU
		{5FDAF79A-8941-42A1-9905-B6C347E33867}.Debug|Any CPU.Build.0 = Debug|Any CPU
		{5FDAF79A-8941-42A1-9905-B6C347E33867}.Release|Any CPU.ActiveCfg = Release|Any CPU
		{5FDAF79A-8941-42A1-9905-B6C347E33867}.Release|Any CPU.Build.0 = Release|Any CPU
	EndGlobalSection
	GlobalSection(SolutionProperties) = preSolution
		HideSolutionNode = FALSE
	EndGlobalSection
	GlobalSection(NestedProjects) = preSolution
		{3E7028F3-EF02-4A02-86A6-D1ED0F686969} = {3A06205B-DF51-448C-BF9B-5AC3CA9A4366}
		{75203604-3285-400C-B86B-89129E812A17} = {3A06205B-DF51-448C-BF9B-5AC3CA9A4366}
		{F1101963-17FF-4A8C-BCDE-2DD4AF74390B} = {3A06205B-DF51-448C-BF9B-5AC3CA9A4366}
		{4E1CCB85-E4FE-4F15-93C3-D403667E4FB4} = {BA9966E6-A202-41E6-9F1C-20D1A1864FF4}
		{263B347C-8846-4A91-9F68-EA65FAB811E9} = {BA9966E6-A202-41E6-9F1C-20D1A1864FF4}
		{DEDCBB4A-4CD4-47CB-877E-86AF0C85F433} = {BA9966E6-A202-41E6-9F1C-20D1A1864FF4}
		{30CF6DC1-4415-4378-8CE1-6FA1C8BFAD62} = {DC5A8832-E3EA-49BE-AECB-B894A894D347}
		{6C8B0622-31D2-4A1D-B678-5B5A22B733DB} = {DC5A8832-E3EA-49BE-AECB-B894A894D347}
		{103C5727-8D88-4199-AB1A-51BF9A78ADB6} = {DC5A8832-E3EA-49BE-AECB-B894A894D347}
		{3FB721F9-2C56-4024-8E67-6FF457E64C01} = {E0E4291B-3D83-4408-BE0B-28049108486C}
		{FC682412-7521-44FA-8407-C4AEB0477B2C} = {E0E4291B-3D83-4408-BE0B-28049108486C}
		{2F7CEAE7-1F44-490A-B250-997B6F28CD0D} = {E0E4291B-3D83-4408-BE0B-28049108486C}
		{28FC0686-BB2F-41B0-ADFE-9FAFFE276802} = {08F1CB76-E826-4C8E-97ED-4C8BA95BC761}
		{CC231B95-2D8F-4786-9F86-6B63E51F5962} = {08F1CB76-E826-4C8E-97ED-4C8BA95BC761}
		{E4DB6AF6-0D8B-42B0-96A5-2954D2E9664C} = {08F1CB76-E826-4C8E-97ED-4C8BA95BC761}
		{A5FAFE75-27CE-4E57-94FC-BBAE13807D65} = {48201E8F-7B85-4582-92A6-82D9BC98E465}
		{A9C6B0B0-3849-40B2-AFA4-E36941E82D68} = {48201E8F-7B85-4582-92A6-82D9BC98E465}
		{5FDAF79A-8941-42A1-9905-B6C347E33867} = {48201E8F-7B85-4582-92A6-82D9BC98E465}
	EndGlobalSection
	GlobalSection(ExtensibilityGlobals) = postSolution
		SolutionGuid = {EBC9E740-FD15-4597-9C9C-F20D8FFA69AF}
	EndGlobalSection
EndGlobal
